
Microsoft Visual Studio Solution File, Format Version 12.00
# Visual Studio 15
VisualStudioVersion = 15.0.27703.2000
MinimumVisualStudioVersion = 10.0.40219.1
Project("{FAE04EC0-301F-11D3-BF4B-00C04F79EFBC}") = "SampleTodo.XForms.Std.Android", "SampleTodo.XForms.Std\SampleTodo.XForms.Std.Android\SampleTodo.XForms.Std.Android.csproj", "{71FDB670-0215-4390-B5E3-FFE1B5D85C30}"
EndProject
Project("{FAE04EC0-301F-11D3-BF4B-00C04F79EFBC}") = "SampleTodo.XForms.Std.iOS", "SampleTodo.XForms.Std\SampleTodo.XForms.Std.iOS\SampleTodo.XForms.Std.iOS.csproj", "{DF998002-1060-4931-877A-AA9A0333081D}"
EndProject
Project("{FAE04EC0-301F-11D3-BF4B-00C04F79EFBC}") = "SampleTodo.XForms.Std.UWP", "SampleTodo.XForms.Std\SampleTodo.XForms.Std.UWP\SampleTodo.XForms.Std.UWP.csproj", "{C6A95AF0-7BCA-485F-8493-48A64D24C5D9}"
EndProject
Project("{FAE04EC0-301F-11D3-BF4B-00C04F79EFBC}") = "SampleTodo.XForms.Std", "SampleTodo.XForms.Std\SampleTodo.XForms.Std\SampleTodo.XForms.Std.csproj", "{5DBB08A3-7946-47F3-BEDC-B293CAF8582D}"
EndProject
Global
	GlobalSection(SolutionConfigurationPlatforms) = preSolution
		Ad-Hoc|Any CPU = Ad-Hoc|Any CPU
		Ad-Hoc|ARM = Ad-Hoc|ARM
		Ad-Hoc|iPhone = Ad-Hoc|iPhone
		Ad-Hoc|iPhoneSimulator = Ad-Hoc|iPhoneSimulator
		Ad-Hoc|x64 = Ad-Hoc|x64
		Ad-Hoc|x86 = Ad-Hoc|x86
		AppStore|Any CPU = AppStore|Any CPU
		AppStore|ARM = AppStore|ARM
		AppStore|iPhone = AppStore|iPhone
		AppStore|iPhoneSimulator = AppStore|iPhoneSimulator
		AppStore|x64 = AppStore|x64
		AppStore|x86 = AppStore|x86
		Debug|Any CPU = Debug|Any CPU
		Debug|ARM = Debug|ARM
		Debug|iPhone = Debug|iPhone
		Debug|iPhoneSimulator = Debug|iPhoneSimulator
		Debug|x64 = Debug|x64
		Debug|x86 = Debug|x86
		Release|Any CPU = Release|Any CPU
		Release|ARM = Release|ARM
		Release|iPhone = Release|iPhone
		Release|iPhoneSimulator = Release|iPhoneSimulator
		Release|x64 = Release|x64
		Release|x86 = Release|x86
	EndGlobalSection
	GlobalSection(ProjectConfigurationPlatforms) = postSolution
		{71FDB670-0215-4390-B5E3-FFE1B5D85C30}.Ad-Hoc|Any CPU.ActiveCfg = Release|Any CPU
		{71FDB670-0215-4390-B5E3-FFE1B5D85C30}.Ad-Hoc|Any CPU.Build.0 = Release|Any CPU
		{71FDB670-0215-4390-B5E3-FFE1B5D85C30}.Ad-Hoc|Any CPU.Deploy.0 = Release|Any CPU
		{71FDB670-0215-4390-B5E3-FFE1B5D85C30}.Ad-Hoc|ARM.ActiveCfg = Release|Any CPU
		{71FDB670-0215-4390-B5E3-FFE1B5D85C30}.Ad-Hoc|ARM.Build.0 = Release|Any CPU
		{71FDB670-0215-4390-B5E3-FFE1B5D85C30}.Ad-Hoc|ARM.Deploy.0 = Release|Any CPU
		{71FDB670-0215-4390-B5E3-FFE1B5D85C30}.Ad-Hoc|iPhone.ActiveCfg = Release|Any CPU
		{71FDB670-0215-4390-B5E3-FFE1B5D85C30}.Ad-Hoc|iPhone.Build.0 = Release|Any CPU
		{71FDB670-0215-4390-B5E3-FFE1B5D85C30}.Ad-Hoc|iPhone.Deploy.0 = Release|Any CPU
		{71FDB670-0215-4390-B5E3-FFE1B5D85C30}.Ad-Hoc|iPhoneSimulator.ActiveCfg = Release|Any CPU
		{71FDB670-0215-4390-B5E3-FFE1B5D85C30}.Ad-Hoc|iPhoneSimulator.Build.0 = Release|Any CPU
		{71FDB670-0215-4390-B5E3-FFE1B5D85C30}.Ad-Hoc|iPhoneSimulator.Deploy.0 = Release|Any CPU
		{71FDB670-0215-4390-B5E3-FFE1B5D85C30}.Ad-Hoc|x64.ActiveCfg = Release|Any CPU
		{71FDB670-0215-4390-B5E3-FFE1B5D85C30}.Ad-Hoc|x64.Build.0 = Release|Any CPU
		{71FDB670-0215-4390-B5E3-FFE1B5D85C30}.Ad-Hoc|x64.Deploy.0 = Release|Any CPU
		{71FDB670-0215-4390-B5E3-FFE1B5D85C30}.Ad-Hoc|x86.ActiveCfg = Release|Any CPU
		{71FDB670-0215-4390-B5E3-FFE1B5D85C30}.Ad-Hoc|x86.Build.0 = Release|Any CPU
		{71FDB670-0215-4390-B5E3-FFE1B5D85C30}.Ad-Hoc|x86.Deploy.0 = Release|Any CPU
		{71FDB670-0215-4390-B5E3-FFE1B5D85C30}.AppStore|Any CPU.ActiveCfg = Release|Any CPU
		{71FDB670-0215-4390-B5E3-FFE1B5D85C30}.AppStore|Any CPU.Build.0 = Release|Any CPU
		{71FDB670-0215-4390-B5E3-FFE1B5D85C30}.AppStore|Any CPU.Deploy.0 = Release|Any CPU
		{71FDB670-0215-4390-B5E3-FFE1B5D85C30}.AppStore|ARM.ActiveCfg = Release|Any CPU
		{71FDB670-0215-4390-B5E3-FFE1B5D85C30}.AppStore|ARM.Build.0 = Release|Any CPU
		{71FDB670-0215-4390-B5E3-FFE1B5D85C30}.AppStore|ARM.Deploy.0 = Release|Any CPU
		{71FDB670-0215-4390-B5E3-FFE1B5D85C30}.AppStore|iPhone.ActiveCfg = Release|Any CPU
		{71FDB670-0215-4390-B5E3-FFE1B5D85C30}.AppStore|iPhone.Build.0 = Release|Any CPU
		{71FDB670-0215-4390-B5E3-FFE1B5D85C30}.AppStore|iPhone.Deploy.0 = Release|Any CPU
		{71FDB670-0215-4390-B5E3-FFE1B5D85C30}.AppStore|iPhoneSimulator.ActiveCfg = Release|Any CPU
		{71FDB670-0215-4390-B5E3-FFE1B5D85C30}.AppStore|iPhoneSimulator.Build.0 = Release|Any CPU
		{71FDB670-0215-4390-B5E3-FFE1B5D85C30}.AppStore|iPhoneSimulator.Deploy.0 = Release|Any CPU
		{71FDB670-0215-4390-B5E3-FFE1B5D85C30}.AppStore|x64.ActiveCfg = Release|Any CPU
		{71FDB670-0215-4390-B5E3-FFE1B5D85C30}.AppStore|x64.Build.0 = Release|Any CPU
		{71FDB670-0215-4390-B5E3-FFE1B5D85C30}.AppStore|x64.Deploy.0 = Release|Any CPU
		{71FDB670-0215-4390-B5E3-FFE1B5D85C30}.AppStore|x86.ActiveCfg = Release|Any CPU
		{71FDB670-0215-4390-B5E3-FFE1B5D85C30}.AppStore|x86.Build.0 = Release|Any CPU
		{71FDB670-0215-4390-B5E3-FFE1B5D85C30}.AppStore|x86.Deploy.0 = Release|Any CPU
		{71FDB670-0215-4390-B5E3-FFE1B5D85C30}.Debug|Any CPU.ActiveCfg = Debug|Any CPU
		{71FDB670-0215-4390-B5E3-FFE1B5D85C30}.Debug|Any CPU.Build.0 = Debug|Any CPU
		{71FDB670-0215-4390-B5E3-FFE1B5D85C30}.Debug|Any CPU.Deploy.0 = Debug|Any CPU
		{71FDB670-0215-4390-B5E3-FFE1B5D85C30}.Debug|ARM.ActiveCfg = Debug|Any CPU
		{71FDB670-0215-4390-B5E3-FFE1B5D85C30}.Debug|ARM.Build.0 = Debug|Any CPU
		{71FDB670-0215-4390-B5E3-FFE1B5D85C30}.Debug|ARM.Deploy.0 = Debug|Any CPU
		{71FDB670-0215-4390-B5E3-FFE1B5D85C30}.Debug|iPhone.ActiveCfg = Debug|Any CPU
		{71FDB670-0215-4390-B5E3-FFE1B5D85C30}.Debug|iPhone.Build.0 = Debug|Any CPU
		{71FDB670-0215-4390-B5E3-FFE1B5D85C30}.Debug|iPhone.Deploy.0 = Debug|Any CPU
		{71FDB670-0215-4390-B5E3-FFE1B5D85C30}.Debug|iPhoneSimulator.ActiveCfg = Debug|Any CPU
		{71FDB670-0215-4390-B5E3-FFE1B5D85C30}.Debug|iPhoneSimulator.Build.0 = Debug|Any CPU
		{71FDB670-0215-4390-B5E3-FFE1B5D85C30}.Debug|iPhoneSimulator.Deploy.0 = Debug|Any CPU
		{71FDB670-0215-4390-B5E3-FFE1B5D85C30}.Debug|x64.ActiveCfg = Debug|Any CPU
		{71FDB670-0215-4390-B5E3-FFE1B5D85C30}.Debug|x64.Build.0 = Debug|Any CPU
		{71FDB670-0215-4390-B5E3-FFE1B5D85C30}.Debug|x64.Deploy.0 = Debug|Any CPU
		{71FDB670-0215-4390-B5E3-FFE1B5D85C30}.Debug|x86.ActiveCfg = Debug|Any CPU
		{71FDB670-0215-4390-B5E3-FFE1B5D85C30}.Debug|x86.Build.0 = Debug|Any CPU
		{71FDB670-0215-4390-B5E3-FFE1B5D85C30}.Debug|x86.Deploy.0 = Debug|Any CPU
		{71FDB670-0215-4390-B5E3-FFE1B5D85C30}.Release|Any CPU.ActiveCfg = Release|Any CPU
		{71FDB670-0215-4390-B5E3-FFE1B5D85C30}.Release|Any CPU.Build.0 = Release|Any CPU
		{71FDB670-0215-4390-B5E3-FFE1B5D85C30}.Release|Any CPU.Deploy.0 = Release|Any CPU
		{71FDB670-0215-4390-B5E3-FFE1B5D85C30}.Release|ARM.ActiveCfg = Release|Any CPU
		{71FDB670-0215-4390-B5E3-FFE1B5D85C30}.Release|ARM.Build.0 = Release|Any CPU
		{71FDB670-0215-4390-B5E3-FFE1B5D85C30}.Release|ARM.Deploy.0 = Release|Any CPU
		{71FDB670-0215-4390-B5E3-FFE1B5D85C30}.Release|iPhone.ActiveCfg = Release|Any CPU
		{71FDB670-0215-4390-B5E3-FFE1B5D85C30}.Release|iPhone.Build.0 = Release|Any CPU
		{71FDB670-0215-4390-B5E3-FFE1B5D85C30}.Release|iPhone.Deploy.0 = Release|Any CPU
		{71FDB670-0215-4390-B5E3-FFE1B5D85C30}.Release|iPhoneSimulator.ActiveCfg = Release|Any CPU
		{71FDB670-0215-4390-B5E3-FFE1B5D85C30}.Release|iPhoneSimulator.Build.0 = Release|Any CPU
		{71FDB670-0215-4390-B5E3-FFE1B5D85C30}.Release|iPhoneSimulator.Deploy.0 = Release|Any CPU
		{71FDB670-0215-4390-B5E3-FFE1B5D85C30}.Release|x64.ActiveCfg = Release|Any CPU
		{71FDB670-0215-4390-B5E3-FFE1B5D85C30}.Release|x64.Build.0 = Release|Any CPU
		{71FDB670-0215-4390-B5E3-FFE1B5D85C30}.Release|x64.Deploy.0 = Release|Any CPU
		{71FDB670-0215-4390-B5E3-FFE1B5D85C30}.Release|x86.ActiveCfg = Release|Any CPU
		{71FDB670-0215-4390-B5E3-FFE1B5D85C30}.Release|x86.Build.0 = Release|Any CPU
		{71FDB670-0215-4390-B5E3-FFE1B5D85C30}.Release|x86.Deploy.0 = Release|Any CPU
		{DF998002-1060-4931-877A-AA9A0333081D}.Ad-Hoc|Any CPU.ActiveCfg = Ad-Hoc|iPhone
		{DF998002-1060-4931-877A-AA9A0333081D}.Ad-Hoc|Any CPU.Build.0 = Ad-Hoc|iPhone
		{DF998002-1060-4931-877A-AA9A0333081D}.Ad-Hoc|Any CPU.Deploy.0 = Ad-Hoc|iPhone
		{DF998002-1060-4931-877A-AA9A0333081D}.Ad-Hoc|ARM.ActiveCfg = Ad-Hoc|iPhone
		{DF998002-1060-4931-877A-AA9A0333081D}.Ad-Hoc|ARM.Build.0 = Ad-Hoc|iPhone
		{DF998002-1060-4931-877A-AA9A0333081D}.Ad-Hoc|ARM.Deploy.0 = Ad-Hoc|iPhone
		{DF998002-1060-4931-877A-AA9A0333081D}.Ad-Hoc|iPhone.ActiveCfg = Ad-Hoc|iPhone
		{DF998002-1060-4931-877A-AA9A0333081D}.Ad-Hoc|iPhone.Build.0 = Ad-Hoc|iPhone
		{DF998002-1060-4931-877A-AA9A0333081D}.Ad-Hoc|iPhone.Deploy.0 = Ad-Hoc|iPhone
		{DF998002-1060-4931-877A-AA9A0333081D}.Ad-Hoc|iPhoneSimulator.ActiveCfg = Ad-Hoc|iPhoneSimulator
		{DF998002-1060-4931-877A-AA9A0333081D}.Ad-Hoc|iPhoneSimulator.Build.0 = Ad-Hoc|iPhoneSimulator
		{DF998002-1060-4931-877A-AA9A0333081D}.Ad-Hoc|iPhoneSimulator.Deploy.0 = Ad-Hoc|iPhoneSimulator
		{DF998002-1060-4931-877A-AA9A0333081D}.Ad-Hoc|x64.ActiveCfg = Ad-Hoc|iPhone
		{DF998002-1060-4931-877A-AA9A0333081D}.Ad-Hoc|x64.Build.0 = Ad-Hoc|iPhone
		{DF998002-1060-4931-877A-AA9A0333081D}.Ad-Hoc|x64.Deploy.0 = Ad-Hoc|iPhone
		{DF998002-1060-4931-877A-AA9A0333081D}.Ad-Hoc|x86.ActiveCfg = Ad-Hoc|iPhone
		{DF998002-1060-4931-877A-AA9A0333081D}.Ad-Hoc|x86.Build.0 = Ad-Hoc|iPhone
		{DF998002-1060-4931-877A-AA9A0333081D}.Ad-Hoc|x86.Deploy.0 = Ad-Hoc|iPhone
		{DF998002-1060-4931-877A-AA9A0333081D}.AppStore|Any CPU.ActiveCfg = AppStore|iPhone
		{DF998002-1060-4931-877A-AA9A0333081D}.AppStore|Any CPU.Build.0 = AppStore|iPhone
		{DF998002-1060-4931-877A-AA9A0333081D}.AppStore|Any CPU.Deploy.0 = AppStore|iPhone
		{DF998002-1060-4931-877A-AA9A0333081D}.AppStore|ARM.ActiveCfg = AppStore|iPhone
		{DF998002-1060-4931-877A-AA9A0333081D}.AppStore|ARM.Build.0 = AppStore|iPhone
		{DF998002-1060-4931-877A-AA9A0333081D}.AppStore|ARM.Deploy.0 = AppStore|iPhone
		{DF998002-1060-4931-877A-AA9A0333081D}.AppStore|iPhone.ActiveCfg = AppStore|iPhone
		{DF998002-1060-4931-877A-AA9A0333081D}.AppStore|iPhone.Build.0 = AppStore|iPhone
		{DF998002-1060-4931-877A-AA9A0333081D}.AppStore|iPhone.Deploy.0 = AppStore|iPhone
		{DF998002-1060-4931-877A-AA9A0333081D}.AppStore|iPhoneSimulator.ActiveCfg = AppStore|iPhoneSimulator
		{DF998002-1060-4931-877A-AA9A0333081D}.AppStore|iPhoneSimulator.Build.0 = AppStore|iPhoneSimulator
		{DF998002-1060-4931-877A-AA9A0333081D}.AppStore|iPhoneSimulator.Deploy.0 = AppStore|iPhoneSimulator
		{DF998002-1060-4931-877A-AA9A0333081D}.AppStore|x64.ActiveCfg = AppStore|iPhone
		{DF998002-1060-4931-877A-AA9A0333081D}.AppStore|x64.Build.0 = AppStore|iPhone
		{DF998002-1060-4931-877A-AA9A0333081D}.AppStore|x64.Deploy.0 = AppStore|iPhone
		{DF998002-1060-4931-877A-AA9A0333081D}.AppStore|x86.ActiveCfg = AppStore|iPhone
		{DF998002-1060-4931-877A-AA9A0333081D}.AppStore|x86.Build.0 = AppStore|iPhone
		{DF998002-1060-4931-877A-AA9A0333081D}.AppStore|x86.Deploy.0 = AppStore|iPhone
		{DF998002-1060-4931-877A-AA9A0333081D}.Debug|Any CPU.ActiveCfg = Debug|iPhoneSimulator
		{DF998002-1060-4931-877A-AA9A0333081D}.Debug|Any CPU.Build.0 = Debug|iPhoneSimulator
		{DF998002-1060-4931-877A-AA9A0333081D}.Debug|Any CPU.Deploy.0 = Debug|iPhoneSimulator
		{DF998002-1060-4931-877A-AA9A0333081D}.Debug|ARM.ActiveCfg = Debug|iPhone
		{DF998002-1060-4931-877A-AA9A0333081D}.Debug|ARM.Build.0 = Debug|iPhone
		{DF998002-1060-4931-877A-AA9A0333081D}.Debug|ARM.Deploy.0 = Debug|iPhone
		{DF998002-1060-4931-877A-AA9A0333081D}.Debug|iPhone.ActiveCfg = Debug|iPhone
		{DF998002-1060-4931-877A-AA9A0333081D}.Debug|iPhone.Build.0 = Debug|iPhone
		{DF998002-1060-4931-877A-AA9A0333081D}.Debug|iPhone.Deploy.0 = Debug|iPhone
		{DF998002-1060-4931-877A-AA9A0333081D}.Debug|iPhoneSimulator.ActiveCfg = Debug|iPhoneSimulator
		{DF998002-1060-4931-877A-AA9A0333081D}.Debug|iPhoneSimulator.Build.0 = Debug|iPhoneSimulator
		{DF998002-1060-4931-877A-AA9A0333081D}.Debug|iPhoneSimulator.Deploy.0 = Debug|iPhoneSimulator
		{DF998002-1060-4931-877A-AA9A0333081D}.Debug|x64.ActiveCfg = Debug|iPhone
		{DF998002-1060-4931-877A-AA9A0333081D}.Debug|x64.Build.0 = Debug|iPhone
		{DF998002-1060-4931-877A-AA9A0333081D}.Debug|x64.Deploy.0 = Debug|iPhone
		{DF998002-1060-4931-877A-AA9A0333081D}.Debug|x86.ActiveCfg = Debug|iPhone
		{DF998002-1060-4931-877A-AA9A0333081D}.Debug|x86.Build.0 = Debug|iPhone
		{DF998002-1060-4931-877A-AA9A0333081D}.Debug|x86.Deploy.0 = Debug|iPhone
		{DF998002-1060-4931-877A-AA9A0333081D}.Release|Any CPU.ActiveCfg = Release|iPhone
		{DF998002-1060-4931-877A-AA9A0333081D}.Release|Any CPU.Build.0 = Release|iPhone
		{DF998002-1060-4931-877A-AA9A0333081D}.Release|Any CPU.Deploy.0 = Release|iPhone
		{DF998002-1060-4931-877A-AA9A0333081D}.Release|ARM.ActiveCfg = Release|iPhone
		{DF998002-1060-4931-877A-AA9A0333081D}.Release|ARM.Build.0 = Release|iPhone
		{DF998002-1060-4931-877A-AA9A0333081D}.Release|ARM.Deploy.0 = Release|iPhone
		{DF998002-1060-4931-877A-AA9A0333081D}.Release|iPhone.ActiveCfg = Release|iPhone
		{DF998002-1060-4931-877A-AA9A0333081D}.Release|iPhone.Build.0 = Release|iPhone
		{DF998002-1060-4931-877A-AA9A0333081D}.Release|iPhone.Deploy.0 = Release|iPhone
		{DF998002-1060-4931-877A-AA9A0333081D}.Release|iPhoneSimulator.ActiveCfg = Release|iPhoneSimulator
		{DF998002-1060-4931-877A-AA9A0333081D}.Release|iPhoneSimulator.Build.0 = Release|iPhoneSimulator
		{DF998002-1060-4931-877A-AA9A0333081D}.Release|iPhoneSimulator.Deploy.0 = Release|iPhoneSimulator
		{DF998002-1060-4931-877A-AA9A0333081D}.Release|x64.ActiveCfg = Release|iPhone
		{DF998002-1060-4931-877A-AA9A0333081D}.Release|x64.Build.0 = Release|iPhone
		{DF998002-1060-4931-877A-AA9A0333081D}.Release|x64.Deploy.0 = Release|iPhone
		{DF998002-1060-4931-877A-AA9A0333081D}.Release|x86.ActiveCfg = Release|iPhone
		{DF998002-1060-4931-877A-AA9A0333081D}.Release|x86.Build.0 = Release|iPhone
		{DF998002-1060-4931-877A-AA9A0333081D}.Release|x86.Deploy.0 = Release|iPhone
		{C6A95AF0-7BCA-485F-8493-48A64D24C5D9}.Ad-Hoc|Any CPU.ActiveCfg = Release|x86
		{C6A95AF0-7BCA-485F-8493-48A64D24C5D9}.Ad-Hoc|Any CPU.Build.0 = Release|x86
		{C6A95AF0-7BCA-485F-8493-48A64D24C5D9}.Ad-Hoc|Any CPU.Deploy.0 = Release|x86
		{C6A95AF0-7BCA-485F-8493-48A64D24C5D9}.Ad-Hoc|ARM.ActiveCfg = Release|ARM
		{C6A95AF0-7BCA-485F-8493-48A64D24C5D9}.Ad-Hoc|ARM.Build.0 = Release|ARM
		{C6A95AF0-7BCA-485F-8493-48A64D24C5D9}.Ad-Hoc|ARM.Deploy.0 = Release|ARM
		{C6A95AF0-7BCA-485F-8493-48A64D24C5D9}.Ad-Hoc|iPhone.ActiveCfg = Release|x86
		{C6A95AF0-7BCA-485F-8493-48A64D24C5D9}.Ad-Hoc|iPhone.Build.0 = Release|x86
		{C6A95AF0-7BCA-485F-8493-48A64D24C5D9}.Ad-Hoc|iPhone.Deploy.0 = Release|x86
		{C6A95AF0-7BCA-485F-8493-48A64D24C5D9}.Ad-Hoc|iPhoneSimulator.ActiveCfg = Release|x86
		{C6A95AF0-7BCA-485F-8493-48A64D24C5D9}.Ad-Hoc|iPhoneSimulator.Build.0 = Release|x86
		{C6A95AF0-7BCA-485F-8493-48A64D24C5D9}.Ad-Hoc|iPhoneSimulator.Deploy.0 = Release|x86
		{C6A95AF0-7BCA-485F-8493-48A64D24C5D9}.Ad-Hoc|x64.ActiveCfg = Release|x64
		{C6A95AF0-7BCA-485F-8493-48A64D24C5D9}.Ad-Hoc|x64.Build.0 = Release|x64
		{C6A95AF0-7BCA-485F-8493-48A64D24C5D9}.Ad-Hoc|x64.Deploy.0 = Release|x64
		{C6A95AF0-7BCA-485F-8493-48A64D24C5D9}.Ad-Hoc|x86.ActiveCfg = Release|x86
		{C6A95AF0-7BCA-485F-8493-48A64D24C5D9}.Ad-Hoc|x86.Build.0 = Release|x86
		{C6A95AF0-7BCA-485F-8493-48A64D24C5D9}.Ad-Hoc|x86.Deploy.0 = Release|x86
		{C6A95AF0-7BCA-485F-8493-48A64D24C5D9}.AppStore|Any CPU.ActiveCfg = Release|x86
		{C6A95AF0-7BCA-485F-8493-48A64D24C5D9}.AppStore|Any CPU.Build.0 = Release|x86
		{C6A95AF0-7BCA-485F-8493-48A64D24C5D9}.AppStore|Any CPU.Deploy.0 = Release|x86
		{C6A95AF0-7BCA-485F-8493-48A64D24C5D9}.AppStore|ARM.ActiveCfg = Release|ARM
		{C6A95AF0-7BCA-485F-8493-48A64D24C5D9}.AppStore|ARM.Build.0 = Release|ARM
		{C6A95AF0-7BCA-485F-8493-48A64D24C5D9}.AppStore|ARM.Deploy.0 = Release|ARM
		{C6A95AF0-7BCA-485F-8493-48A64D24C5D9}.AppStore|iPhone.ActiveCfg = Release|x86
		{C6A95AF0-7BCA-485F-8493-48A64D24C5D9}.AppStore|iPhone.Build.0 = Release|x86
		{C6A95AF0-7BCA-485F-8493-48A64D24C5D9}.AppStore|iPhone.Deploy.0 = Release|x86
		{C6A95AF0-7BCA-485F-8493-48A64D24C5D9}.AppStore|iPhoneSimulator.ActiveCfg = Release|x86
		{C6A95AF0-7BCA-485F-8493-48A64D24C5D9}.AppStore|iPhoneSimulator.Build.0 = Release|x86
		{C6A95AF0-7BCA-485F-8493-48A64D24C5D9}.AppStore|iPhoneSimulator.Deploy.0 = Release|x86
		{C6A95AF0-7BCA-485F-8493-48A64D24C5D9}.AppStore|x64.ActiveCfg = Release|x64
		{C6A95AF0-7BCA-485F-8493-48A64D24C5D9}.AppStore|x64.Build.0 = Release|x64
		{C6A95AF0-7BCA-485F-8493-48A64D24C5D9}.AppStore|x64.Deploy.0 = Release|x64
		{C6A95AF0-7BCA-485F-8493-48A64D24C5D9}.AppStore|x86.ActiveCfg = Release|x86
		{C6A95AF0-7BCA-485F-8493-48A64D24C5D9}.AppStore|x86.Build.0 = Release|x86
		{C6A95AF0-7BCA-485F-8493-48A64D24C5D9}.AppStore|x86.Deploy.0 = Release|x86
		{C6A95AF0-7BCA-485F-8493-48A64D24C5D9}.Debug|Any CPU.ActiveCfg = Debug|x86
		{C6A95AF0-7BCA-485F-8493-48A64D24C5D9}.Debug|Any CPU.Build.0 = Debug|x86
		{C6A95AF0-7BCA-485F-8493-48A64D24C5D9}.Debug|Any CPU.Deploy.0 = Debug|x86
		{C6A95AF0-7BCA-485F-8493-48A64D24C5D9}.Debug|ARM.ActiveCfg = Debug|ARM
		{C6A95AF0-7BCA-485F-8493-48A64D24C5D9}.Debug|ARM.Build.0 = Debug|ARM
		{C6A95AF0-7BCA-485F-8493-48A64D24C5D9}.Debug|ARM.Deploy.0 = Debug|ARM
		{C6A95AF0-7BCA-485F-8493-48A64D24C5D9}.Debug|iPhone.ActiveCfg = Debug|x86
		{C6A95AF0-7BCA-485F-8493-48A64D24C5D9}.Debug|iPhone.Build.0 = Debug|x86
		{C6A95AF0-7BCA-485F-8493-48A64D24C5D9}.Debug|iPhone.Deploy.0 = Debug|x86
		{C6A95AF0-7BCA-485F-8493-48A64D24C5D9}.Debug|iPhoneSimulator.ActiveCfg = Debug|x86
		{C6A95AF0-7BCA-485F-8493-48A64D24C5D9}.Debug|iPhoneSimulator.Build.0 = Debug|x86
		{C6A95AF0-7BCA-485F-8493-48A64D24C5D9}.Debug|iPhoneSimulator.Deploy.0 = Debug|x86
		{C6A95AF0-7BCA-485F-8493-48A64D24C5D9}.Debug|x64.ActiveCfg = Debug|x64
		{C6A95AF0-7BCA-485F-8493-48A64D24C5D9}.Debug|x64.Build.0 = Debug|x64
		{C6A95AF0-7BCA-485F-8493-48A64D24C5D9}.Debug|x64.Deploy.0 = Debug|x64
		{C6A95AF0-7BCA-485F-8493-48A64D24C5D9}.Debug|x86.ActiveCfg = Debug|x86
		{C6A95AF0-7BCA-485F-8493-48A64D24C5D9}.Debug|x86.Build.0 = Debug|x86
		{C6A95AF0-7BCA-485F-8493-48A64D24C5D9}.Debug|x86.Deploy.0 = Debug|x86
		{C6A95AF0-7BCA-485F-8493-48A64D24C5D9}.Release|Any CPU.ActiveCfg = Release|x86
		{C6A95AF0-7BCA-485F-8493-48A64D24C5D9}.Release|Any CPU.Build.0 = Release|x86
		{C6A95AF0-7BCA-485F-8493-48A64D24C5D9}.Release|Any CPU.Deploy.0 = Release|x86
		{C6A95AF0-7BCA-485F-8493-48A64D24C5D9}.Release|ARM.ActiveCfg = Release|ARM
		{C6A95AF0-7BCA-485F-8493-48A64D24C5D9}.Release|ARM.Build.0 = Release|ARM
		{C6A95AF0-7BCA-485F-8493-48A64D24C5D9}.Release|ARM.Deploy.0 = Release|ARM
		{C6A95AF0-7BCA-485F-8493-48A64D24C5D9}.Release|iPhone.ActiveCfg = Release|x86
		{C6A95AF0-7BCA-485F-8493-48A64D24C5D9}.Release|iPhone.Build.0 = Release|x86
		{C6A95AF0-7BCA-485F-8493-48A64D24C5D9}.Release|iPhone.Deploy.0 = Release|x86
		{C6A95AF0-7BCA-485F-8493-48A64D24C5D9}.Release|iPhoneSimulator.ActiveCfg = Release|x86
		{C6A95AF0-7BCA-485F-8493-48A64D24C5D9}.Release|iPhoneSimulator.Build.0 = Release|x86
		{C6A95AF0-7BCA-485F-8493-48A64D24C5D9}.Release|iPhoneSimulator.Deploy.0 = Release|x86
		{C6A95AF0-7BCA-485F-8493-48A64D24C5D9}.Release|x64.ActiveCfg = Release|x64
		{C6A95AF0-7BCA-485F-8493-48A64D24C5D9}.Release|x64.Build.0 = Release|x64
		{C6A95AF0-7BCA-485F-8493-48A64D24C5D9}.Release|x64.Deploy.0 = Release|x64
		{C6A95AF0-7BCA-485F-8493-48A64D24C5D9}.Release|x86.ActiveCfg = Release|x86
		{C6A95AF0-7BCA-485F-8493-48A64D24C5D9}.Release|x86.Build.0 = Release|x86
		{C6A95AF0-7BCA-485F-8493-48A64D24C5D9}.Release|x86.Deploy.0 = Release|x86
		{5DBB08A3-7946-47F3-BEDC-B293CAF8582D}.Ad-Hoc|Any CPU.ActiveCfg = Debug|Any CPU
		{5DBB08A3-7946-47F3-BEDC-B293CAF8582D}.Ad-Hoc|Any CPU.Build.0 = Debug|Any CPU
		{5DBB08A3-7946-47F3-BEDC-B293CAF8582D}.Ad-Hoc|Any CPU.Deploy.0 = Debug|Any CPU
		{5DBB08A3-7946-47F3-BEDC-B293CAF8582D}.Ad-Hoc|ARM.ActiveCfg = Debug|Any CPU
		{5DBB08A3-7946-47F3-BEDC-B293CAF8582D}.Ad-Hoc|ARM.Build.0 = Debug|Any CPU
		{5DBB08A3-7946-47F3-BEDC-B293CAF8582D}.Ad-Hoc|ARM.Deploy.0 = Debug|Any CPU
		{5DBB08A3-7946-47F3-BEDC-B293CAF8582D}.Ad-Hoc|iPhone.ActiveCfg = Debug|Any CPU
		{5DBB08A3-7946-47F3-BEDC-B293CAF8582D}.Ad-Hoc|iPhone.Build.0 = Debug|Any CPU
		{5DBB08A3-7946-47F3-BEDC-B293CAF8582D}.Ad-Hoc|iPhone.Deploy.0 = Debug|Any CPU
		{5DBB08A3-7946-47F3-BEDC-B293CAF8582D}.Ad-Hoc|iPhoneSimulator.ActiveCfg = Debug|Any CPU
		{5DBB08A3-7946-47F3-BEDC-B293CAF8582D}.Ad-Hoc|iPhoneSimulator.Build.0 = Debug|Any CPU
		{5DBB08A3-7946-47F3-BEDC-B293CAF8582D}.Ad-Hoc|iPhoneSimulator.Deploy.0 = Debug|Any CPU
		{5DBB08A3-7946-47F3-BEDC-B293CAF8582D}.Ad-Hoc|x64.ActiveCfg = Debug|Any CPU
		{5DBB08A3-7946-47F3-BEDC-B293CAF8582D}.Ad-Hoc|x64.Build.0 = Debug|Any CPU
		{5DBB08A3-7946-47F3-BEDC-B293CAF8582D}.Ad-Hoc|x64.Deploy.0 = Debug|Any CPU
		{5DBB08A3-7946-47F3-BEDC-B293CAF8582D}.Ad-Hoc|x86.ActiveCfg = Debug|Any CPU
		{5DBB08A3-7946-47F3-BEDC-B293CAF8582D}.Ad-Hoc|x86.Build.0 = Debug|Any CPU
		{5DBB08A3-7946-47F3-BEDC-B293CAF8582D}.Ad-Hoc|x86.Deploy.0 = Debug|Any CPU
		{5DBB08A3-7946-47F3-BEDC-B293CAF8582D}.AppStore|Any CPU.ActiveCfg = Debug|Any CPU
		{5DBB08A3-7946-47F3-BEDC-B293CAF8582D}.AppStore|Any CPU.Build.0 = Debug|Any CPU
		{5DBB08A3-7946-47F3-BEDC-B293CAF8582D}.AppStore|Any CPU.Deploy.0 = Debug|Any CPU
		{5DBB08A3-7946-47F3-BEDC-B293CAF8582D}.AppStore|ARM.ActiveCfg = Debug|Any CPU
		{5DBB08A3-7946-47F3-BEDC-B293CAF8582D}.AppStore|ARM.Build.0 = Debug|Any CPU
		{5DBB08A3-7946-47F3-BEDC-B293CAF8582D}.AppStore|ARM.Deploy.0 = Debug|Any CPU
		{5DBB08A3-7946-47F3-BEDC-B293CAF8582D}.AppStore|iPhone.ActiveCfg = Debug|Any CPU
		{5DBB08A3-7946-47F3-BEDC-B293CAF8582D}.AppStore|iPhone.Build.0 = Debug|Any CPU
		{5DBB08A3-7946-47F3-BEDC-B293CAF8582D}.AppStore|iPhone.Deploy.0 = Debug|Any CPU
		{5DBB08A3-7946-47F3-BEDC-B293CAF8582D}.AppStore|iPhoneSimulator.ActiveCfg = Debug|Any CPU
		{5DBB08A3-7946-47F3-BEDC-B293CAF8582D}.AppStore|iPhoneSimulator.Build.0 = Debug|Any CPU
		{5DBB08A3-7946-47F3-BEDC-B293CAF8582D}.AppStore|iPhoneSimulator.Deploy.0 = Debug|Any CPU
		{5DBB08A3-7946-47F3-BEDC-B293CAF8582D}.AppStore|x64.ActiveCfg = Debug|Any CPU
		{5DBB08A3-7946-47F3-BEDC-B293CAF8582D}.AppStore|x64.Build.0 = Debug|Any CPU
		{5DBB08A3-7946-47F3-BEDC-B293CAF8582D}.AppStore|x64.Deploy.0 = Debug|Any CPU
		{5DBB08A3-7946-47F3-BEDC-B293CAF8582D}.AppStore|x86.ActiveCfg = Debug|Any CPU
		{5DBB08A3-7946-47F3-BEDC-B293CAF8582D}.AppStore|x86.Build.0 = Debug|Any CPU
		{5DBB08A3-7946-47F3-BEDC-B293CAF8582D}.AppStore|x86.Deploy.0 = Debug|Any CPU
		{5DBB08A3-7946-47F3-BEDC-B293CAF8582D}.Debug|Any CPU.ActiveCfg = Debug|Any CPU
		{5DBB08A3-7946-47F3-BEDC-B293CAF8582D}.Debug|Any CPU.Build.0 = Debug|Any CPU
		{5DBB08A3-7946-47F3-BEDC-B293CAF8582D}.Debug|Any CPU.Deploy.0 = Debug|Any CPU
		{5DBB08A3-7946-47F3-BEDC-B293CAF8582D}.Debug|ARM.ActiveCfg = Debug|Any CPU
		{5DBB08A3-7946-47F3-BEDC-B293CAF8582D}.Debug|ARM.Build.0 = Debug|Any CPU
		{5DBB08A3-7946-47F3-BEDC-B293CAF8582D}.Debug|ARM.Deploy.0 = Debug|Any CPU
		{5DBB08A3-7946-47F3-BEDC-B293CAF8582D}.Debug|iPhone.ActiveCfg = Debug|Any CPU
		{5DBB08A3-7946-47F3-BEDC-B293CAF8582D}.Debug|iPhone.Build.0 = Debug|Any CPU
		{5DBB08A3-7946-47F3-BEDC-B293CAF8582D}.Debug|iPhone.Deploy.0 = Debug|Any CPU
		{5DBB08A3-7946-47F3-BEDC-B293CAF8582D}.Debug|iPhoneSimulator.ActiveCfg = Debug|Any CPU
		{5DBB08A3-7946-47F3-BEDC-B293CAF8582D}.Debug|iPhoneSimulator.Build.0 = Debug|Any CPU
		{5DBB08A3-7946-47F3-BEDC-B293CAF8582D}.Debug|iPhoneSimulator.Deploy.0 = Debug|Any CPU
		{5DBB08A3-7946-47F3-BEDC-B293CAF8582D}.Debug|x64.ActiveCfg = Debug|Any CPU
		{5DBB08A3-7946-47F3-BEDC-B293CAF8582D}.Debug|x64.Build.0 = Debug|Any CPU
		{5DBB08A3-7946-47F3-BEDC-B293CAF8582D}.Debug|x64.Deploy.0 = Debug|Any CPU
		{5DBB08A3-7946-47F3-BEDC-B293CAF8582D}.Debug|x86.ActiveCfg = Debug|Any CPU
		{5DBB08A3-7946-47F3-BEDC-B293CAF8582D}.Debug|x86.Build.0 = Debug|Any CPU
		{5DBB08A3-7946-47F3-BEDC-B293CAF8582D}.Debug|x86.Deploy.0 = Debug|Any CPU
		{5DBB08A3-7946-47F3-BEDC-B293CAF8582D}.Release|Any CPU.ActiveCfg = Release|Any CPU
		{5DBB08A3-7946-47F3-BEDC-B293CAF8582D}.Release|Any CPU.Build.0 = Release|Any CPU
		{5DBB08A3-7946-47F3-BEDC-B293CAF8582D}.Release|Any CPU.Deploy.0 = Release|Any CPU
		{5DBB08A3-7946-47F3-BEDC-B293CAF8582D}.Release|ARM.ActiveCfg = Release|Any CPU
		{5DBB08A3-7946-47F3-BEDC-B293CAF8582D}.Release|ARM.Build.0 = Release|Any CPU
		{5DBB08A3-7946-47F3-BEDC-B293CAF8582D}.Release|ARM.Deploy.0 = Release|Any CPU
		{5DBB08A3-7946-47F3-BEDC-B293CAF8582D}.Release|iPhone.ActiveCfg = Release|Any CPU
		{5DBB08A3-7946-47F3-BEDC-B293CAF8582D}.Release|iPhone.Build.0 = Release|Any CPU
		{5DBB08A3-7946-47F3-BEDC-B293CAF8582D}.Release|iPhone.Deploy.0 = Release|Any CPU
		{5DBB08A3-7946-47F3-BEDC-B293CAF8582D}.Release|iPhoneSimulator.ActiveCfg = Release|Any CPU
		{5DBB08A3-7946-47F3-BEDC-B293CAF8582D}.Release|iPhoneSimulator.Build.0 = Release|Any CPU
		{5DBB08A3-7946-47F3-BEDC-B293CAF8582D}.Release|iPhoneSimulator.Deploy.0 = Release|Any CPU
		{5DBB08A3-7946-47F3-BEDC-B293CAF8582D}.Release|x64.ActiveCfg = Release|Any CPU
		{5DBB08A3-7946-47F3-BEDC-B293CAF8582D}.Release|x64.Build.0 = Release|Any CPU
		{5DBB08A3-7946-47F3-BEDC-B293CAF8582D}.Release|x64.Deploy.0 = Release|Any CPU
		{5DBB08A3-7946-47F3-BEDC-B293CAF8582D}.Release|x86.ActiveCfg = Release|Any CPU
		{5DBB08A3-7946-47F3-BEDC-B293CAF8582D}.Release|x86.Build.0 = Release|Any CPU
		{5DBB08A3-7946-47F3-BEDC-B293CAF8582D}.Release|x86.Deploy.0 = Release|Any CPU
	EndGlobalSection
	GlobalSection(SolutionProperties) = preSolution
		HideSolutionNode = FALSE
	EndGlobalSection
	GlobalSection(ExtensibilityGlobals) = postSolution
		SolutionGuid = {C4A7C693-AB15-4A12-A27D-46AC1281902D}
	EndGlobalSection
EndGlobal
