
Microsoft Visual Studio Solution File, Format Version 12.00
# Visual Studio 14
VisualStudioVersion = 14.0.25420.1
MinimumVisualStudioVersion = 10.0.40219.1
Project("{FAE04EC0-301F-11D3-BF4B-00C04F79EFBC}") = "SampleTodoForms", "SampleTodoForms\SampleTodoForms\SampleTodoForms.csproj", "{EDAC52E9-FCC3-41E0-9909-D1B608C27D4C}"
EndProject
Project("{FAE04EC0-301F-11D3-BF4B-00C04F79EFBC}") = "SampleTodoForms.Droid", "SampleTodoForms\SampleTodoForms.Droid\SampleTodoForms.Droid.csproj", "{2EBF3A22-65EF-4CA3-BEEF-16CAAF8E98E6}"
EndProject
Project("{FAE04EC0-301F-11D3-BF4B-00C04F79EFBC}") = "SampleTodoForms.iOS", "SampleTodoForms\SampleTodoForms.iOS\SampleTodoForms.iOS.csproj", "{75CA1D75-6534-46FA-B175-659D8B38F47A}"
EndProject
Global
	GlobalSection(SolutionConfigurationPlatforms) = preSolution
		Ad-Hoc|Any CPU = Ad-Hoc|Any CPU
		Ad-Hoc|ARM = Ad-Hoc|ARM
		Ad-Hoc|iPhone = Ad-Hoc|iPhone
		Ad-Hoc|iPhoneSimulator = Ad-Hoc|iPhoneSimulator
		Ad-Hoc|x64 = Ad-Hoc|x64
		Ad-Hoc|x86 = Ad-Hoc|x86
		AppStore|Any CPU = AppStore|Any CPU
		AppStore|ARM = AppStore|ARM
		AppStore|iPhone = AppStore|iPhone
		AppStore|iPhoneSimulator = AppStore|iPhoneSimulator
		AppStore|x64 = AppStore|x64
		AppStore|x86 = AppStore|x86
		Debug|Any CPU = Debug|Any CPU
		Debug|ARM = Debug|ARM
		Debug|iPhone = Debug|iPhone
		Debug|iPhoneSimulator = Debug|iPhoneSimulator
		Debug|x64 = Debug|x64
		Debug|x86 = Debug|x86
		Release|Any CPU = Release|Any CPU
		Release|ARM = Release|ARM
		Release|iPhone = Release|iPhone
		Release|iPhoneSimulator = Release|iPhoneSimulator
		Release|x64 = Release|x64
		Release|x86 = Release|x86
	EndGlobalSection
	GlobalSection(ProjectConfigurationPlatforms) = postSolution
		{EDAC52E9-FCC3-41E0-9909-D1B608C27D4C}.Ad-Hoc|Any CPU.ActiveCfg = Release|Any CPU
		{EDAC52E9-FCC3-41E0-9909-D1B608C27D4C}.Ad-Hoc|Any CPU.Build.0 = Release|Any CPU
		{EDAC52E9-FCC3-41E0-9909-D1B608C27D4C}.Ad-Hoc|ARM.ActiveCfg = Release|Any CPU
		{EDAC52E9-FCC3-41E0-9909-D1B608C27D4C}.Ad-Hoc|ARM.Build.0 = Release|Any CPU
		{EDAC52E9-FCC3-41E0-9909-D1B608C27D4C}.Ad-Hoc|iPhone.ActiveCfg = Release|Any CPU
		{EDAC52E9-FCC3-41E0-9909-D1B608C27D4C}.Ad-Hoc|iPhone.Build.0 = Release|Any CPU
		{EDAC52E9-FCC3-41E0-9909-D1B608C27D4C}.Ad-Hoc|iPhoneSimulator.ActiveCfg = Release|Any CPU
		{EDAC52E9-FCC3-41E0-9909-D1B608C27D4C}.Ad-Hoc|iPhoneSimulator.Build.0 = Release|Any CPU
		{EDAC52E9-FCC3-41E0-9909-D1B608C27D4C}.Ad-Hoc|x64.ActiveCfg = Release|Any CPU
		{EDAC52E9-FCC3-41E0-9909-D1B608C27D4C}.Ad-Hoc|x64.Build.0 = Release|Any CPU
		{EDAC52E9-FCC3-41E0-9909-D1B608C27D4C}.Ad-Hoc|x86.ActiveCfg = Release|Any CPU
		{EDAC52E9-FCC3-41E0-9909-D1B608C27D4C}.Ad-Hoc|x86.Build.0 = Release|Any CPU
		{EDAC52E9-FCC3-41E0-9909-D1B608C27D4C}.AppStore|Any CPU.ActiveCfg = Release|Any CPU
		{EDAC52E9-FCC3-41E0-9909-D1B608C27D4C}.AppStore|Any CPU.Build.0 = Release|Any CPU
		{EDAC52E9-FCC3-41E0-9909-D1B608C27D4C}.AppStore|ARM.ActiveCfg = Release|Any CPU
		{EDAC52E9-FCC3-41E0-9909-D1B608C27D4C}.AppStore|ARM.Build.0 = Release|Any CPU
		{EDAC52E9-FCC3-41E0-9909-D1B608C27D4C}.AppStore|iPhone.ActiveCfg = Release|Any CPU
		{EDAC52E9-FCC3-41E0-9909-D1B608C27D4C}.AppStore|iPhone.Build.0 = Release|Any CPU
		{EDAC52E9-FCC3-41E0-9909-D1B608C27D4C}.AppStore|iPhoneSimulator.ActiveCfg = Release|Any CPU
		{EDAC52E9-FCC3-41E0-9909-D1B608C27D4C}.AppStore|iPhoneSimulator.Build.0 = Release|Any CPU
		{EDAC52E9-FCC3-41E0-9909-D1B608C27D4C}.AppStore|x64.ActiveCfg = Release|Any CPU
		{EDAC52E9-FCC3-41E0-9909-D1B608C27D4C}.AppStore|x64.Build.0 = Release|Any CPU
		{EDAC52E9-FCC3-41E0-9909-D1B608C27D4C}.AppStore|x86.ActiveCfg = Release|Any CPU
		{EDAC52E9-FCC3-41E0-9909-D1B608C27D4C}.AppStore|x86.Build.0 = Release|Any CPU
		{EDAC52E9-FCC3-41E0-9909-D1B608C27D4C}.Debug|Any CPU.ActiveCfg = Debug|Any CPU
		{EDAC52E9-FCC3-41E0-9909-D1B608C27D4C}.Debug|Any CPU.Build.0 = Debug|Any CPU
		{EDAC52E9-FCC3-41E0-9909-D1B608C27D4C}.Debug|ARM.ActiveCfg = Debug|Any CPU
		{EDAC52E9-FCC3-41E0-9909-D1B608C27D4C}.Debug|ARM.Build.0 = Debug|Any CPU
		{EDAC52E9-FCC3-41E0-9909-D1B608C27D4C}.Debug|iPhone.ActiveCfg = Debug|Any CPU
		{EDAC52E9-FCC3-41E0-9909-D1B608C27D4C}.Debug|iPhone.Build.0 = Debug|Any CPU
		{EDAC52E9-FCC3-41E0-9909-D1B608C27D4C}.Debug|iPhoneSimulator.ActiveCfg = Debug|Any CPU
		{EDAC52E9-FCC3-41E0-9909-D1B608C27D4C}.Debug|iPhoneSimulator.Build.0 = Debug|Any CPU
		{EDAC52E9-FCC3-41E0-9909-D1B608C27D4C}.Debug|x64.ActiveCfg = Debug|Any CPU
		{EDAC52E9-FCC3-41E0-9909-D1B608C27D4C}.Debug|x64.Build.0 = Debug|Any CPU
		{EDAC52E9-FCC3-41E0-9909-D1B608C27D4C}.Debug|x86.ActiveCfg = Debug|Any CPU
		{EDAC52E9-FCC3-41E0-9909-D1B608C27D4C}.Debug|x86.Build.0 = Debug|Any CPU
		{EDAC52E9-FCC3-41E0-9909-D1B608C27D4C}.Release|Any CPU.ActiveCfg = Release|Any CPU
		{EDAC52E9-FCC3-41E0-9909-D1B608C27D4C}.Release|Any CPU.Build.0 = Release|Any CPU
		{EDAC52E9-FCC3-41E0-9909-D1B608C27D4C}.Release|ARM.ActiveCfg = Release|Any CPU
		{EDAC52E9-FCC3-41E0-9909-D1B608C27D4C}.Release|ARM.Build.0 = Release|Any CPU
		{EDAC52E9-FCC3-41E0-9909-D1B608C27D4C}.Release|iPhone.ActiveCfg = Release|Any CPU
		{EDAC52E9-FCC3-41E0-9909-D1B608C27D4C}.Release|iPhone.Build.0 = Release|Any CPU
		{EDAC52E9-FCC3-41E0-9909-D1B608C27D4C}.Release|iPhoneSimulator.ActiveCfg = Release|Any CPU
		{EDAC52E9-FCC3-41E0-9909-D1B608C27D4C}.Release|iPhoneSimulator.Build.0 = Release|Any CPU
		{EDAC52E9-FCC3-41E0-9909-D1B608C27D4C}.Release|x64.ActiveCfg = Release|Any CPU
		{EDAC52E9-FCC3-41E0-9909-D1B608C27D4C}.Release|x64.Build.0 = Release|Any CPU
		{EDAC52E9-FCC3-41E0-9909-D1B608C27D4C}.Release|x86.ActiveCfg = Release|Any CPU
		{EDAC52E9-FCC3-41E0-9909-D1B608C27D4C}.Release|x86.Build.0 = Release|Any CPU
		{2EBF3A22-65EF-4CA3-BEEF-16CAAF8E98E6}.Ad-Hoc|Any CPU.ActiveCfg = Release|Any CPU
		{2EBF3A22-65EF-4CA3-BEEF-16CAAF8E98E6}.Ad-Hoc|Any CPU.Build.0 = Release|Any CPU
		{2EBF3A22-65EF-4CA3-BEEF-16CAAF8E98E6}.Ad-Hoc|Any CPU.Deploy.0 = Release|Any CPU
		{2EBF3A22-65EF-4CA3-BEEF-16CAAF8E98E6}.Ad-Hoc|ARM.ActiveCfg = Release|Any CPU
		{2EBF3A22-65EF-4CA3-BEEF-16CAAF8E98E6}.Ad-Hoc|ARM.Build.0 = Release|Any CPU
		{2EBF3A22-65EF-4CA3-BEEF-16CAAF8E98E6}.Ad-Hoc|ARM.Deploy.0 = Release|Any CPU
		{2EBF3A22-65EF-4CA3-BEEF-16CAAF8E98E6}.Ad-Hoc|iPhone.ActiveCfg = Release|Any CPU
		{2EBF3A22-65EF-4CA3-BEEF-16CAAF8E98E6}.Ad-Hoc|iPhone.Build.0 = Release|Any CPU
		{2EBF3A22-65EF-4CA3-BEEF-16CAAF8E98E6}.Ad-Hoc|iPhone.Deploy.0 = Release|Any CPU
		{2EBF3A22-65EF-4CA3-BEEF-16CAAF8E98E6}.Ad-Hoc|iPhoneSimulator.ActiveCfg = Release|Any CPU
		{2EBF3A22-65EF-4CA3-BEEF-16CAAF8E98E6}.Ad-Hoc|iPhoneSimulator.Build.0 = Release|Any CPU
		{2EBF3A22-65EF-4CA3-BEEF-16CAAF8E98E6}.Ad-Hoc|iPhoneSimulator.Deploy.0 = Release|Any CPU
		{2EBF3A22-65EF-4CA3-BEEF-16CAAF8E98E6}.Ad-Hoc|x64.ActiveCfg = Release|Any CPU
		{2EBF3A22-65EF-4CA3-BEEF-16CAAF8E98E6}.Ad-Hoc|x64.Build.0 = Release|Any CPU
		{2EBF3A22-65EF-4CA3-BEEF-16CAAF8E98E6}.Ad-Hoc|x64.Deploy.0 = Release|Any CPU
		{2EBF3A22-65EF-4CA3-BEEF-16CAAF8E98E6}.Ad-Hoc|x86.ActiveCfg = Release|Any CPU
		{2EBF3A22-65EF-4CA3-BEEF-16CAAF8E98E6}.Ad-Hoc|x86.Build.0 = Release|Any CPU
		{2EBF3A22-65EF-4CA3-BEEF-16CAAF8E98E6}.Ad-Hoc|x86.Deploy.0 = Release|Any CPU
		{2EBF3A22-65EF-4CA3-BEEF-16CAAF8E98E6}.AppStore|Any CPU.ActiveCfg = Release|Any CPU
		{2EBF3A22-65EF-4CA3-BEEF-16CAAF8E98E6}.AppStore|Any CPU.Build.0 = Release|Any CPU
		{2EBF3A22-65EF-4CA3-BEEF-16CAAF8E98E6}.AppStore|Any CPU.Deploy.0 = Release|Any CPU
		{2EBF3A22-65EF-4CA3-BEEF-16CAAF8E98E6}.AppStore|ARM.ActiveCfg = Release|Any CPU
		{2EBF3A22-65EF-4CA3-BEEF-16CAAF8E98E6}.AppStore|ARM.Build.0 = Release|Any CPU
		{2EBF3A22-65EF-4CA3-BEEF-16CAAF8E98E6}.AppStore|ARM.Deploy.0 = Release|Any CPU
		{2EBF3A22-65EF-4CA3-BEEF-16CAAF8E98E6}.AppStore|iPhone.ActiveCfg = Release|Any CPU
		{2EBF3A22-65EF-4CA3-BEEF-16CAAF8E98E6}.AppStore|iPhone.Build.0 = Release|Any CPU
		{2EBF3A22-65EF-4CA3-BEEF-16CAAF8E98E6}.AppStore|iPhone.Deploy.0 = Release|Any CPU
		{2EBF3A22-65EF-4CA3-BEEF-16CAAF8E98E6}.AppStore|iPhoneSimulator.ActiveCfg = Release|Any CPU
		{2EBF3A22-65EF-4CA3-BEEF-16CAAF8E98E6}.AppStore|iPhoneSimulator.Build.0 = Release|Any CPU
		{2EBF3A22-65EF-4CA3-BEEF-16CAAF8E98E6}.AppStore|iPhoneSimulator.Deploy.0 = Release|Any CPU
		{2EBF3A22-65EF-4CA3-BEEF-16CAAF8E98E6}.AppStore|x64.ActiveCfg = Release|Any CPU
		{2EBF3A22-65EF-4CA3-BEEF-16CAAF8E98E6}.AppStore|x64.Build.0 = Release|Any CPU
		{2EBF3A22-65EF-4CA3-BEEF-16CAAF8E98E6}.AppStore|x64.Deploy.0 = Release|Any CPU
		{2EBF3A22-65EF-4CA3-BEEF-16CAAF8E98E6}.AppStore|x86.ActiveCfg = Release|Any CPU
		{2EBF3A22-65EF-4CA3-BEEF-16CAAF8E98E6}.AppStore|x86.Build.0 = Release|Any CPU
		{2EBF3A22-65EF-4CA3-BEEF-16CAAF8E98E6}.AppStore|x86.Deploy.0 = Release|Any CPU
		{2EBF3A22-65EF-4CA3-BEEF-16CAAF8E98E6}.Debug|Any CPU.ActiveCfg = Debug|Any CPU
		{2EBF3A22-65EF-4CA3-BEEF-16CAAF8E98E6}.Debug|Any CPU.Build.0 = Debug|Any CPU
		{2EBF3A22-65EF-4CA3-BEEF-16CAAF8E98E6}.Debug|Any CPU.Deploy.0 = Debug|Any CPU
		{2EBF3A22-65EF-4CA3-BEEF-16CAAF8E98E6}.Debug|ARM.ActiveCfg = Debug|Any CPU
		{2EBF3A22-65EF-4CA3-BEEF-16CAAF8E98E6}.Debug|ARM.Build.0 = Debug|Any CPU
		{2EBF3A22-65EF-4CA3-BEEF-16CAAF8E98E6}.Debug|ARM.Deploy.0 = Debug|Any CPU
		{2EBF3A22-65EF-4CA3-BEEF-16CAAF8E98E6}.Debug|iPhone.ActiveCfg = Debug|Any CPU
		{2EBF3A22-65EF-4CA3-BEEF-16CAAF8E98E6}.Debug|iPhone.Build.0 = Debug|Any CPU
		{2EBF3A22-65EF-4CA3-BEEF-16CAAF8E98E6}.Debug|iPhone.Deploy.0 = Debug|Any CPU
		{2EBF3A22-65EF-4CA3-BEEF-16CAAF8E98E6}.Debug|iPhoneSimulator.ActiveCfg = Debug|Any CPU
		{2EBF3A22-65EF-4CA3-BEEF-16CAAF8E98E6}.Debug|iPhoneSimulator.Build.0 = Debug|Any CPU
		{2EBF3A22-65EF-4CA3-BEEF-16CAAF8E98E6}.Debug|iPhoneSimulator.Deploy.0 = Debug|Any CPU
		{2EBF3A22-65EF-4CA3-BEEF-16CAAF8E98E6}.Debug|x64.ActiveCfg = Debug|Any CPU
		{2EBF3A22-65EF-4CA3-BEEF-16CAAF8E98E6}.Debug|x64.Build.0 = Debug|Any CPU
		{2EBF3A22-65EF-4CA3-BEEF-16CAAF8E98E6}.Debug|x64.Deploy.0 = Debug|Any CPU
		{2EBF3A22-65EF-4CA3-BEEF-16CAAF8E98E6}.Debug|x86.ActiveCfg = Debug|Any CPU
		{2EBF3A22-65EF-4CA3-BEEF-16CAAF8E98E6}.Debug|x86.Build.0 = Debug|Any CPU
		{2EBF3A22-65EF-4CA3-BEEF-16CAAF8E98E6}.Debug|x86.Deploy.0 = Debug|Any CPU
		{2EBF3A22-65EF-4CA3-BEEF-16CAAF8E98E6}.Release|Any CPU.ActiveCfg = Release|Any CPU
		{2EBF3A22-65EF-4CA3-BEEF-16CAAF8E98E6}.Release|Any CPU.Build.0 = Release|Any CPU
		{2EBF3A22-65EF-4CA3-BEEF-16CAAF8E98E6}.Release|Any CPU.Deploy.0 = Release|Any CPU
		{2EBF3A22-65EF-4CA3-BEEF-16CAAF8E98E6}.Release|ARM.ActiveCfg = Release|Any CPU
		{2EBF3A22-65EF-4CA3-BEEF-16CAAF8E98E6}.Release|ARM.Build.0 = Release|Any CPU
		{2EBF3A22-65EF-4CA3-BEEF-16CAAF8E98E6}.Release|ARM.Deploy.0 = Release|Any CPU
		{2EBF3A22-65EF-4CA3-BEEF-16CAAF8E98E6}.Release|iPhone.ActiveCfg = Release|Any CPU
		{2EBF3A22-65EF-4CA3-BEEF-16CAAF8E98E6}.Release|iPhone.Build.0 = Release|Any CPU
		{2EBF3A22-65EF-4CA3-BEEF-16CAAF8E98E6}.Release|iPhone.Deploy.0 = Release|Any CPU
		{2EBF3A22-65EF-4CA3-BEEF-16CAAF8E98E6}.Release|iPhoneSimulator.ActiveCfg = Release|Any CPU
		{2EBF3A22-65EF-4CA3-BEEF-16CAAF8E98E6}.Release|iPhoneSimulator.Build.0 = Release|Any CPU
		{2EBF3A22-65EF-4CA3-BEEF-16CAAF8E98E6}.Release|iPhoneSimulator.Deploy.0 = Release|Any CPU
		{2EBF3A22-65EF-4CA3-BEEF-16CAAF8E98E6}.Release|x64.ActiveCfg = Release|Any CPU
		{2EBF3A22-65EF-4CA3-BEEF-16CAAF8E98E6}.Release|x64.Build.0 = Release|Any CPU
		{2EBF3A22-65EF-4CA3-BEEF-16CAAF8E98E6}.Release|x64.Deploy.0 = Release|Any CPU
		{2EBF3A22-65EF-4CA3-BEEF-16CAAF8E98E6}.Release|x86.ActiveCfg = Release|Any CPU
		{2EBF3A22-65EF-4CA3-BEEF-16CAAF8E98E6}.Release|x86.Build.0 = Release|Any CPU
		{2EBF3A22-65EF-4CA3-BEEF-16CAAF8E98E6}.Release|x86.Deploy.0 = Release|Any CPU
		{75CA1D75-6534-46FA-B175-659D8B38F47A}.Ad-Hoc|Any CPU.ActiveCfg = Ad-Hoc|iPhone
		{75CA1D75-6534-46FA-B175-659D8B38F47A}.Ad-Hoc|ARM.ActiveCfg = Ad-Hoc|iPhone
		{75CA1D75-6534-46FA-B175-659D8B38F47A}.Ad-Hoc|iPhone.ActiveCfg = Ad-Hoc|iPhone
		{75CA1D75-6534-46FA-B175-659D8B38F47A}.Ad-Hoc|iPhone.Build.0 = Ad-Hoc|iPhone
		{75CA1D75-6534-46FA-B175-659D8B38F47A}.Ad-Hoc|iPhoneSimulator.ActiveCfg = Ad-Hoc|iPhoneSimulator
		{75CA1D75-6534-46FA-B175-659D8B38F47A}.Ad-Hoc|iPhoneSimulator.Build.0 = Ad-Hoc|iPhoneSimulator
		{75CA1D75-6534-46FA-B175-659D8B38F47A}.Ad-Hoc|x64.ActiveCfg = Ad-Hoc|iPhone
		{75CA1D75-6534-46FA-B175-659D8B38F47A}.Ad-Hoc|x86.ActiveCfg = Ad-Hoc|iPhone
		{75CA1D75-6534-46FA-B175-659D8B38F47A}.AppStore|Any CPU.ActiveCfg = AppStore|iPhone
		{75CA1D75-6534-46FA-B175-659D8B38F47A}.AppStore|ARM.ActiveCfg = AppStore|iPhone
		{75CA1D75-6534-46FA-B175-659D8B38F47A}.AppStore|iPhone.ActiveCfg = AppStore|iPhone
		{75CA1D75-6534-46FA-B175-659D8B38F47A}.AppStore|iPhone.Build.0 = AppStore|iPhone
		{75CA1D75-6534-46FA-B175-659D8B38F47A}.AppStore|iPhoneSimulator.ActiveCfg = AppStore|iPhoneSimulator
		{75CA1D75-6534-46FA-B175-659D8B38F47A}.AppStore|iPhoneSimulator.Build.0 = AppStore|iPhoneSimulator
		{75CA1D75-6534-46FA-B175-659D8B38F47A}.AppStore|x64.ActiveCfg = AppStore|iPhone
		{75CA1D75-6534-46FA-B175-659D8B38F47A}.AppStore|x86.ActiveCfg = AppStore|iPhone
		{75CA1D75-6534-46FA-B175-659D8B38F47A}.Debug|Any CPU.ActiveCfg = Debug|iPhone
		{75CA1D75-6534-46FA-B175-659D8B38F47A}.Debug|ARM.ActiveCfg = Debug|iPhone
		{75CA1D75-6534-46FA-B175-659D8B38F47A}.Debug|iPhone.ActiveCfg = Debug|iPhone
		{75CA1D75-6534-46FA-B175-659D8B38F47A}.Debug|iPhone.Build.0 = Debug|iPhone
		{75CA1D75-6534-46FA-B175-659D8B38F47A}.Debug|iPhoneSimulator.ActiveCfg = Debug|iPhoneSimulator
		{75CA1D75-6534-46FA-B175-659D8B38F47A}.Debug|iPhoneSimulator.Build.0 = Debug|iPhoneSimulator
		{75CA1D75-6534-46FA-B175-659D8B38F47A}.Debug|x64.ActiveCfg = Debug|iPhone
		{75CA1D75-6534-46FA-B175-659D8B38F47A}.Debug|x86.ActiveCfg = Debug|iPhone
		{75CA1D75-6534-46FA-B175-659D8B38F47A}.Release|Any CPU.ActiveCfg = Release|iPhone
		{75CA1D75-6534-46FA-B175-659D8B38F47A}.Release|ARM.ActiveCfg = Release|iPhone
		{75CA1D75-6534-46FA-B175-659D8B38F47A}.Release|iPhone.ActiveCfg = Release|iPhone
		{75CA1D75-6534-46FA-B175-659D8B38F47A}.Release|iPhone.Build.0 = Release|iPhone
		{75CA1D75-6534-46FA-B175-659D8B38F47A}.Release|iPhoneSimulator.ActiveCfg = Release|iPhoneSimulator
		{75CA1D75-6534-46FA-B175-659D8B38F47A}.Release|iPhoneSimulator.Build.0 = Release|iPhoneSimulator
		{75CA1D75-6534-46FA-B175-659D8B38F47A}.Release|x64.ActiveCfg = Release|iPhone
		{75CA1D75-6534-46FA-B175-659D8B38F47A}.Release|x86.ActiveCfg = Release|iPhone
	EndGlobalSection
	GlobalSection(SolutionProperties) = preSolution
		HideSolutionNode = FALSE
	EndGlobalSection
EndGlobal
