
Microsoft Visual Studio Solution File, Format Version 12.00
# Visual Studio 15
VisualStudioVersion = 15.0.26403.7
MinimumVisualStudioVersion = 10.0.40219.1
Project("{FAE04EC0-301F-11D3-BF4B-00C04F79EFBC}") = "SampleTodo.MobileApp", "SampleTodo.MobileApp\SampleTodo.MobileApp.csproj", "{8590C5AA-EDB0-408B-B688-BEB93C3D7D55}"
EndProject
Project("{FAE04EC0-301F-11D3-BF4B-00C04F79EFBC}") = "SampleTodo.Droid", "..\SampleTodo.Droid\SampleTodo.Droid\SampleTodo.Droid.csproj", "{5BC4695B-174F-415D-AA18-409CAFEFED73}"
EndProject
Project("{FAE04EC0-301F-11D3-BF4B-00C04F79EFBC}") = "SampleTodo.iOS", "..\SampleTodo.iOS\SampleTodo.iOS\SampleTodo.iOS.csproj", "{8479EFCD-7F9C-44EB-8F7D-30F6E5AAB57A}"
EndProject
Global
	GlobalSection(SolutionConfigurationPlatforms) = preSolution
		Debug|Any CPU = Debug|Any CPU
		Debug|ARM = Debug|ARM
		Debug|iPhone = Debug|iPhone
		Debug|iPhoneSimulator = Debug|iPhoneSimulator
		Debug|x64 = Debug|x64
		Debug|x86 = Debug|x86
		Release|Any CPU = Release|Any CPU
		Release|ARM = Release|ARM
		Release|iPhone = Release|iPhone
		Release|iPhoneSimulator = Release|iPhoneSimulator
		Release|x64 = Release|x64
		Release|x86 = Release|x86
	EndGlobalSection
	GlobalSection(ProjectConfigurationPlatforms) = postSolution
		{8590C5AA-EDB0-408B-B688-BEB93C3D7D55}.Debug|Any CPU.ActiveCfg = Debug|Any CPU
		{8590C5AA-EDB0-408B-B688-BEB93C3D7D55}.Debug|Any CPU.Build.0 = Debug|Any CPU
		{8590C5AA-EDB0-408B-B688-BEB93C3D7D55}.Debug|ARM.ActiveCfg = Debug|Any CPU
		{8590C5AA-EDB0-408B-B688-BEB93C3D7D55}.Debug|ARM.Build.0 = Debug|Any CPU
		{8590C5AA-EDB0-408B-B688-BEB93C3D7D55}.Debug|iPhone.ActiveCfg = Debug|Any CPU
		{8590C5AA-EDB0-408B-B688-BEB93C3D7D55}.Debug|iPhone.Build.0 = Debug|Any CPU
		{8590C5AA-EDB0-408B-B688-BEB93C3D7D55}.Debug|iPhoneSimulator.ActiveCfg = Debug|Any CPU
		{8590C5AA-EDB0-408B-B688-BEB93C3D7D55}.Debug|iPhoneSimulator.Build.0 = Debug|Any CPU
		{8590C5AA-EDB0-408B-B688-BEB93C3D7D55}.Debug|x64.ActiveCfg = Debug|Any CPU
		{8590C5AA-EDB0-408B-B688-BEB93C3D7D55}.Debug|x64.Build.0 = Debug|Any CPU
		{8590C5AA-EDB0-408B-B688-BEB93C3D7D55}.Debug|x86.ActiveCfg = Debug|Any CPU
		{8590C5AA-EDB0-408B-B688-BEB93C3D7D55}.Debug|x86.Build.0 = Debug|Any CPU
		{8590C5AA-EDB0-408B-B688-BEB93C3D7D55}.Release|Any CPU.ActiveCfg = Release|Any CPU
		{8590C5AA-EDB0-408B-B688-BEB93C3D7D55}.Release|Any CPU.Build.0 = Release|Any CPU
		{8590C5AA-EDB0-408B-B688-BEB93C3D7D55}.Release|ARM.ActiveCfg = Release|Any CPU
		{8590C5AA-EDB0-408B-B688-BEB93C3D7D55}.Release|ARM.Build.0 = Release|Any CPU
		{8590C5AA-EDB0-408B-B688-BEB93C3D7D55}.Release|iPhone.ActiveCfg = Release|Any CPU
		{8590C5AA-EDB0-408B-B688-BEB93C3D7D55}.Release|iPhone.Build.0 = Release|Any CPU
		{8590C5AA-EDB0-408B-B688-BEB93C3D7D55}.Release|iPhoneSimulator.ActiveCfg = Release|Any CPU
		{8590C5AA-EDB0-408B-B688-BEB93C3D7D55}.Release|iPhoneSimulator.Build.0 = Release|Any CPU
		{8590C5AA-EDB0-408B-B688-BEB93C3D7D55}.Release|x64.ActiveCfg = Release|Any CPU
		{8590C5AA-EDB0-408B-B688-BEB93C3D7D55}.Release|x64.Build.0 = Release|Any CPU
		{8590C5AA-EDB0-408B-B688-BEB93C3D7D55}.Release|x86.ActiveCfg = Release|Any CPU
		{8590C5AA-EDB0-408B-B688-BEB93C3D7D55}.Release|x86.Build.0 = Release|Any CPU
		{5BC4695B-174F-415D-AA18-409CAFEFED73}.Debug|Any CPU.ActiveCfg = Debug|Any CPU
		{5BC4695B-174F-415D-AA18-409CAFEFED73}.Debug|Any CPU.Build.0 = Debug|Any CPU
		{5BC4695B-174F-415D-AA18-409CAFEFED73}.Debug|Any CPU.Deploy.0 = Debug|Any CPU
		{5BC4695B-174F-415D-AA18-409CAFEFED73}.Debug|ARM.ActiveCfg = Debug|Any CPU
		{5BC4695B-174F-415D-AA18-409CAFEFED73}.Debug|ARM.Build.0 = Debug|Any CPU
		{5BC4695B-174F-415D-AA18-409CAFEFED73}.Debug|ARM.Deploy.0 = Debug|Any CPU
		{5BC4695B-174F-415D-AA18-409CAFEFED73}.Debug|iPhone.ActiveCfg = Debug|Any CPU
		{5BC4695B-174F-415D-AA18-409CAFEFED73}.Debug|iPhone.Build.0 = Debug|Any CPU
		{5BC4695B-174F-415D-AA18-409CAFEFED73}.Debug|iPhone.Deploy.0 = Debug|Any CPU
		{5BC4695B-174F-415D-AA18-409CAFEFED73}.Debug|iPhoneSimulator.ActiveCfg = Debug|Any CPU
		{5BC4695B-174F-415D-AA18-409CAFEFED73}.Debug|iPhoneSimulator.Build.0 = Debug|Any CPU
		{5BC4695B-174F-415D-AA18-409CAFEFED73}.Debug|iPhoneSimulator.Deploy.0 = Debug|Any CPU
		{5BC4695B-174F-415D-AA18-409CAFEFED73}.Debug|x64.ActiveCfg = Debug|Any CPU
		{5BC4695B-174F-415D-AA18-409CAFEFED73}.Debug|x64.Build.0 = Debug|Any CPU
		{5BC4695B-174F-415D-AA18-409CAFEFED73}.Debug|x64.Deploy.0 = Debug|Any CPU
		{5BC4695B-174F-415D-AA18-409CAFEFED73}.Debug|x86.ActiveCfg = Debug|Any CPU
		{5BC4695B-174F-415D-AA18-409CAFEFED73}.Debug|x86.Build.0 = Debug|Any CPU
		{5BC4695B-174F-415D-AA18-409CAFEFED73}.Debug|x86.Deploy.0 = Debug|Any CPU
		{5BC4695B-174F-415D-AA18-409CAFEFED73}.Release|Any CPU.ActiveCfg = Release|Any CPU
		{5BC4695B-174F-415D-AA18-409CAFEFED73}.Release|Any CPU.Build.0 = Release|Any CPU
		{5BC4695B-174F-415D-AA18-409CAFEFED73}.Release|Any CPU.Deploy.0 = Release|Any CPU
		{5BC4695B-174F-415D-AA18-409CAFEFED73}.Release|ARM.ActiveCfg = Release|Any CPU
		{5BC4695B-174F-415D-AA18-409CAFEFED73}.Release|ARM.Build.0 = Release|Any CPU
		{5BC4695B-174F-415D-AA18-409CAFEFED73}.Release|ARM.Deploy.0 = Release|Any CPU
		{5BC4695B-174F-415D-AA18-409CAFEFED73}.Release|iPhone.ActiveCfg = Release|Any CPU
		{5BC4695B-174F-415D-AA18-409CAFEFED73}.Release|iPhone.Build.0 = Release|Any CPU
		{5BC4695B-174F-415D-AA18-409CAFEFED73}.Release|iPhone.Deploy.0 = Release|Any CPU
		{5BC4695B-174F-415D-AA18-409CAFEFED73}.Release|iPhoneSimulator.ActiveCfg = Release|Any CPU
		{5BC4695B-174F-415D-AA18-409CAFEFED73}.Release|iPhoneSimulator.Build.0 = Release|Any CPU
		{5BC4695B-174F-415D-AA18-409CAFEFED73}.Release|iPhoneSimulator.Deploy.0 = Release|Any CPU
		{5BC4695B-174F-415D-AA18-409CAFEFED73}.Release|x64.ActiveCfg = Release|Any CPU
		{5BC4695B-174F-415D-AA18-409CAFEFED73}.Release|x64.Build.0 = Release|Any CPU
		{5BC4695B-174F-415D-AA18-409CAFEFED73}.Release|x64.Deploy.0 = Release|Any CPU
		{5BC4695B-174F-415D-AA18-409CAFEFED73}.Release|x86.ActiveCfg = Release|Any CPU
		{5BC4695B-174F-415D-AA18-409CAFEFED73}.Release|x86.Build.0 = Release|Any CPU
		{5BC4695B-174F-415D-AA18-409CAFEFED73}.Release|x86.Deploy.0 = Release|Any CPU
		{8479EFCD-7F9C-44EB-8F7D-30F6E5AAB57A}.Debug|Any CPU.ActiveCfg = Debug|iPhone
		{8479EFCD-7F9C-44EB-8F7D-30F6E5AAB57A}.Debug|ARM.ActiveCfg = Debug|iPhone
		{8479EFCD-7F9C-44EB-8F7D-30F6E5AAB57A}.Debug|iPhone.ActiveCfg = Debug|iPhone
		{8479EFCD-7F9C-44EB-8F7D-30F6E5AAB57A}.Debug|iPhone.Build.0 = Debug|iPhone
		{8479EFCD-7F9C-44EB-8F7D-30F6E5AAB57A}.Debug|iPhoneSimulator.ActiveCfg = Debug|iPhoneSimulator
		{8479EFCD-7F9C-44EB-8F7D-30F6E5AAB57A}.Debug|iPhoneSimulator.Build.0 = Debug|iPhoneSimulator
		{8479EFCD-7F9C-44EB-8F7D-30F6E5AAB57A}.Debug|x64.ActiveCfg = Debug|iPhone
		{8479EFCD-7F9C-44EB-8F7D-30F6E5AAB57A}.Debug|x86.ActiveCfg = Debug|iPhone
		{8479EFCD-7F9C-44EB-8F7D-30F6E5AAB57A}.Release|Any CPU.ActiveCfg = Release|iPhone
		{8479EFCD-7F9C-44EB-8F7D-30F6E5AAB57A}.Release|ARM.ActiveCfg = Release|iPhone
		{8479EFCD-7F9C-44EB-8F7D-30F6E5AAB57A}.Release|iPhone.ActiveCfg = Release|iPhone
		{8479EFCD-7F9C-44EB-8F7D-30F6E5AAB57A}.Release|iPhone.Build.0 = Release|iPhone
		{8479EFCD-7F9C-44EB-8F7D-30F6E5AAB57A}.Release|iPhoneSimulator.ActiveCfg = Release|iPhoneSimulator
		{8479EFCD-7F9C-44EB-8F7D-30F6E5AAB57A}.Release|iPhoneSimulator.Build.0 = Release|iPhoneSimulator
		{8479EFCD-7F9C-44EB-8F7D-30F6E5AAB57A}.Release|x64.ActiveCfg = Release|iPhone
		{8479EFCD-7F9C-44EB-8F7D-30F6E5AAB57A}.Release|x86.ActiveCfg = Release|iPhone
	EndGlobalSection
	GlobalSection(SolutionProperties) = preSolution
		HideSolutionNode = FALSE
	EndGlobalSection
EndGlobal
