
Microsoft Visual Studio Solution File, Format Version 12.00
# Visual Studio 2012
Project("{FAE04EC0-301F-11D3-BF4B-00C04F79EFBC}") = "SampleTodo.iOS", "SampleTodo.iOS\SampleTodo.iOS.csproj", "{8479EFCD-7F9C-44EB-8F7D-30F6E5AAB57A}"
EndProject
Global
	GlobalSection(SolutionConfigurationPlatforms) = preSolution
		Debug|iPhoneSimulator = Debug|iPhoneSimulator
		Release|iPhone = Release|iPhone
		Release|iPhoneSimulator = Release|iPhoneSimulator
		Debug|iPhone = Debug|iPhone
	EndGlobalSection
	GlobalSection(ProjectConfigurationPlatforms) = postSolution
		{8479EFCD-7F9C-44EB-8F7D-30F6E5AAB57A}.Debug|iPhoneSimulator.ActiveCfg = Debug|iPhoneSimulator
		{8479EFCD-7F9C-44EB-8F7D-30F6E5AAB57A}.Debug|iPhoneSimulator.Build.0 = Debug|iPhoneSimulator
		{8479EFCD-7F9C-44EB-8F7D-30F6E5AAB57A}.Release|iPhone.ActiveCfg = Release|iPhone
		{8479EFCD-7F9C-44EB-8F7D-30F6E5AAB57A}.Release|iPhone.Build.0 = Release|iPhone
		{8479EFCD-7F9C-44EB-8F7D-30F6E5AAB57A}.Release|iPhoneSimulator.ActiveCfg = Release|iPhoneSimulator
		{8479EFCD-7F9C-44EB-8F7D-30F6E5AAB57A}.Release|iPhoneSimulator.Build.0 = Release|iPhoneSimulator
		{8479EFCD-7F9C-44EB-8F7D-30F6E5AAB57A}.Debug|iPhone.ActiveCfg = Debug|iPhone
		{8479EFCD-7F9C-44EB-8F7D-30F6E5AAB57A}.Debug|iPhone.Build.0 = Debug|iPhone
	EndGlobalSection
EndGlobal
